
Microsoft Visual Studio Solution File, Format Version 12.00
# Visual Studio Version 17
VisualStudioVersion = 17.7.34031.279
MinimumVisualStudioVersion = 10.0.40219.1
Project("{FAE04EC0-301F-11D3-BF4B-00C04F79EFBC}") = "nowyrpg", "nowyrpg\nowyrpg.csproj", "{AA1953AC-D02A-4D66-AA90-ECE8E48BC41E}"
EndProject
Global
	GlobalSection(SolutionConfigurationPlatforms) = preSolution
		Debug|Any CPU = Debug|Any CPU
		Release|Any CPU = Release|Any CPU
	EndGlobalSection
	GlobalSection(ProjectConfigurationPlatforms) = postSolution
		{AA1953AC-D02A-4D66-AA90-ECE8E48BC41E}.Debug|Any CPU.ActiveCfg = Debug|Any CPU
		{AA1953AC-D02A-4D66-AA90-ECE8E48BC41E}.Debug|Any CPU.Build.0 = Debug|Any CPU
		{AA1953AC-D02A-4D66-AA90-ECE8E48BC41E}.Release|Any CPU.ActiveCfg = Release|Any CPU
		{AA1953AC-D02A-4D66-AA90-ECE8E48BC41E}.Release|Any CPU.Build.0 = Release|Any CPU
	EndGlobalSection
	GlobalSection(SolutionProperties) = preSolution
		HideSolutionNode = FALSE
	EndGlobalSection
	GlobalSection(ExtensibilityGlobals) = postSolution
		SolutionGuid = {E9B2688E-EEE2-4FD3-9E9F-D531D6236ECF}
	EndGlobalSection
EndGlobal
